
Microsoft Visual Studio Solution File, Format Version 12.00
# Visual Studio Version 16
VisualStudioVersion = 16.0.33927.289
MinimumVisualStudioVersion = 10.0.40219.1
Project("{2150E333-8FDC-42A3-9474-1A3956D46DE8}") = "Task0", "Task0", "{9BD8E4AB-F967-416B-8294-935EDE2223CC}"
EndProject
Project("{FAE04EC0-301F-11D3-BF4B-00C04F79EFBC}") = "Tyuiu.KultyshevaEA.Sprint6.Task0.V8.Lib", "Tyuiu.KultyshevaEA.Sprint6.Task0.V8.Lib\Tyuiu.KultyshevaEA.Sprint6.Task0.V8.Lib.csproj", "{AD7F879A-797F-407B-8A5A-4DF64812F95D}"
EndProject
Project("{FAE04EC0-301F-11D3-BF4B-00C04F79EFBC}") = "Tyuiu.KultyshevaEA.Sprint6.Task0.V8.Test", "Tyuiu.KultyshevaEA.Sprint6.Task0.V8.Test\Tyuiu.KultyshevaEA.Sprint6.Task0.V8.Test.csproj", "{AF80AC37-C218-46F1-8DEC-F5C0A51487C7}"
EndProject
Project("{FAE04EC0-301F-11D3-BF4B-00C04F79EFBC}") = "Tyuiu.KultyshevaEA.Sprint6.Task0.V8", "Tyuiu.KultyshevaEA.Sprint6.Task0.V8\Tyuiu.KultyshevaEA.Sprint6.Task0.V8.csproj", "{160D8D76-5D73-46AA-8509-1F1CF47F1B24}"
EndProject
Project("{2150E333-8FDC-42A3-9474-1A3956D46DE8}") = "Task1", "Task1", "{FBCF87F7-AE22-4EE8-8678-784F396E65A6}"
EndProject
Project("{FAE04EC0-301F-11D3-BF4B-00C04F79EFBC}") = "Tyuiu.KultyshevaEA.Sprint6.Task1.V21.Lib", "Tyuiu.KultyshevaEA.Sprint6.Task0.V21.Lib\Tyuiu.KultyshevaEA.Sprint6.Task1.V21.Lib.csproj", "{C480208C-D750-413D-85E5-617C23B15973}"
EndProject
Project("{FAE04EC0-301F-11D3-BF4B-00C04F79EFBC}") = "Tyuiu.KultyshevaEA.Sprint6.Task1.V21.Test", "Tyuiu.KultyshevaEA.Sprint6.Task1.V21.Test\Tyuiu.KultyshevaEA.Sprint6.Task1.V21.Test.csproj", "{FB8AA894-3AD1-4C14-8F58-4368ACB15C7F}"
EndProject
Project("{FAE04EC0-301F-11D3-BF4B-00C04F79EFBC}") = "Tyuiu.KultyshevaEA.Sprint6.Task1.V21", "Tyuiu.KultyshevaEA.Sprint6.Task1.V21\Tyuiu.KultyshevaEA.Sprint6.Task1.V21.csproj", "{78EF1DE3-D610-4577-BE1F-BD34C4301D69}"
EndProject
Global
	GlobalSection(SolutionConfigurationPlatforms) = preSolution
		Debug|Any CPU = Debug|Any CPU
		Release|Any CPU = Release|Any CPU
	EndGlobalSection
	GlobalSection(ProjectConfigurationPlatforms) = postSolution
		{AD7F879A-797F-407B-8A5A-4DF64812F95D}.Debug|Any CPU.ActiveCfg = Debug|Any CPU
		{AD7F879A-797F-407B-8A5A-4DF64812F95D}.Debug|Any CPU.Build.0 = Debug|Any CPU
		{AD7F879A-797F-407B-8A5A-4DF64812F95D}.Release|Any CPU.ActiveCfg = Release|Any CPU
		{AD7F879A-797F-407B-8A5A-4DF64812F95D}.Release|Any CPU.Build.0 = Release|Any CPU
		{AF80AC37-C218-46F1-8DEC-F5C0A51487C7}.Debug|Any CPU.ActiveCfg = Debug|Any CPU
		{AF80AC37-C218-46F1-8DEC-F5C0A51487C7}.Debug|Any CPU.Build.0 = Debug|Any CPU
		{AF80AC37-C218-46F1-8DEC-F5C0A51487C7}.Release|Any CPU.ActiveCfg = Release|Any CPU
		{AF80AC37-C218-46F1-8DEC-F5C0A51487C7}.Release|Any CPU.Build.0 = Release|Any CPU
		{160D8D76-5D73-46AA-8509-1F1CF47F1B24}.Debug|Any CPU.ActiveCfg = Debug|Any CPU
		{160D8D76-5D73-46AA-8509-1F1CF47F1B24}.Debug|Any CPU.Build.0 = Debug|Any CPU
		{160D8D76-5D73-46AA-8509-1F1CF47F1B24}.Release|Any CPU.ActiveCfg = Release|Any CPU
		{160D8D76-5D73-46AA-8509-1F1CF47F1B24}.Release|Any CPU.Build.0 = Release|Any CPU
		{C480208C-D750-413D-85E5-617C23B15973}.Debug|Any CPU.ActiveCfg = Debug|Any CPU
		{C480208C-D750-413D-85E5-617C23B15973}.Debug|Any CPU.Build.0 = Debug|Any CPU
		{C480208C-D750-413D-85E5-617C23B15973}.Release|Any CPU.ActiveCfg = Release|Any CPU
		{C480208C-D750-413D-85E5-617C23B15973}.Release|Any CPU.Build.0 = Release|Any CPU
		{FB8AA894-3AD1-4C14-8F58-4368ACB15C7F}.Debug|Any CPU.ActiveCfg = Debug|Any CPU
		{FB8AA894-3AD1-4C14-8F58-4368ACB15C7F}.Debug|Any CPU.Build.0 = Debug|Any CPU
		{FB8AA894-3AD1-4C14-8F58-4368ACB15C7F}.Release|Any CPU.ActiveCfg = Release|Any CPU
		{FB8AA894-3AD1-4C14-8F58-4368ACB15C7F}.Release|Any CPU.Build.0 = Release|Any CPU
		{78EF1DE3-D610-4577-BE1F-BD34C4301D69}.Debug|Any CPU.ActiveCfg = Debug|Any CPU
		{78EF1DE3-D610-4577-BE1F-BD34C4301D69}.Debug|Any CPU.Build.0 = Debug|Any CPU
		{78EF1DE3-D610-4577-BE1F-BD34C4301D69}.Release|Any CPU.ActiveCfg = Release|Any CPU
		{78EF1DE3-D610-4577-BE1F-BD34C4301D69}.Release|Any CPU.Build.0 = Release|Any CPU
	EndGlobalSection
	GlobalSection(SolutionProperties) = preSolution
		HideSolutionNode = FALSE
	EndGlobalSection
	GlobalSection(NestedProjects) = preSolution
		{AD7F879A-797F-407B-8A5A-4DF64812F95D} = {9BD8E4AB-F967-416B-8294-935EDE2223CC}
		{AF80AC37-C218-46F1-8DEC-F5C0A51487C7} = {9BD8E4AB-F967-416B-8294-935EDE2223CC}
		{160D8D76-5D73-46AA-8509-1F1CF47F1B24} = {9BD8E4AB-F967-416B-8294-935EDE2223CC}
		{C480208C-D750-413D-85E5-617C23B15973} = {FBCF87F7-AE22-4EE8-8678-784F396E65A6}
		{FB8AA894-3AD1-4C14-8F58-4368ACB15C7F} = {FBCF87F7-AE22-4EE8-8678-784F396E65A6}
		{78EF1DE3-D610-4577-BE1F-BD34C4301D69} = {FBCF87F7-AE22-4EE8-8678-784F396E65A6}
	EndGlobalSection
	GlobalSection(ExtensibilityGlobals) = postSolution
		SolutionGuid = {8FDEC7DD-730E-4F75-BF28-F1156BCA4CDC}
	EndGlobalSection
EndGlobal
