
Microsoft Visual Studio Solution File, Format Version 12.00
# Visual Studio Version 16
VisualStudioVersion = 16.0.33927.289
MinimumVisualStudioVersion = 10.0.40219.1
Project("{2150E333-8FDC-42A3-9474-1A3956D46DE8}") = "Task0", "Task0", "{9BD8E4AB-F967-416B-8294-935EDE2223CC}"
EndProject
Project("{FAE04EC0-301F-11D3-BF4B-00C04F79EFBC}") = "Tyuiu.KultyshevaEA.Sprint6.Task0.V8.Lib", "Tyuiu.KultyshevaEA.Sprint6.Task0.V8.Lib\Tyuiu.KultyshevaEA.Sprint6.Task0.V8.Lib.csproj", "{AD7F879A-797F-407B-8A5A-4DF64812F95D}"
EndProject
Project("{FAE04EC0-301F-11D3-BF4B-00C04F79EFBC}") = "Tyuiu.KultyshevaEA.Sprint6.Task0.V8.Test", "Tyuiu.KultyshevaEA.Sprint6.Task0.V8.Test\Tyuiu.KultyshevaEA.Sprint6.Task0.V8.Test.csproj", "{AF80AC37-C218-46F1-8DEC-F5C0A51487C7}"
EndProject
Project("{FAE04EC0-301F-11D3-BF4B-00C04F79EFBC}") = "Tyuiu.KultyshevaEA.Sprint6.Task0.V8", "Tyuiu.KultyshevaEA.Sprint6.Task0.V8\Tyuiu.KultyshevaEA.Sprint6.Task0.V8.csproj", "{160D8D76-5D73-46AA-8509-1F1CF47F1B24}"
EndProject
Project("{2150E333-8FDC-42A3-9474-1A3956D46DE8}") = "Task1", "Task1", "{FBCF87F7-AE22-4EE8-8678-784F396E65A6}"
EndProject
Project("{FAE04EC0-301F-11D3-BF4B-00C04F79EFBC}") = "Tyuiu.KultyshevaEA.Sprint6.Task1.V21.Lib", "Tyuiu.KultyshevaEA.Sprint6.Task0.V21.Lib\Tyuiu.KultyshevaEA.Sprint6.Task1.V21.Lib.csproj", "{C480208C-D750-413D-85E5-617C23B15973}"
EndProject
Project("{FAE04EC0-301F-11D3-BF4B-00C04F79EFBC}") = "Tyuiu.KultyshevaEA.Sprint6.Task1.V21.Test", "Tyuiu.KultyshevaEA.Sprint6.Task1.V21.Test\Tyuiu.KultyshevaEA.Sprint6.Task1.V21.Test.csproj", "{FB8AA894-3AD1-4C14-8F58-4368ACB15C7F}"
EndProject
Project("{FAE04EC0-301F-11D3-BF4B-00C04F79EFBC}") = "Tyuiu.KultyshevaEA.Sprint6.Task1.V21", "Tyuiu.KultyshevaEA.Sprint6.Task1.V21\Tyuiu.KultyshevaEA.Sprint6.Task1.V21.csproj", "{78EF1DE3-D610-4577-BE1F-BD34C4301D69}"
EndProject
Project("{2150E333-8FDC-42A3-9474-1A3956D46DE8}") = "Task2", "Task2", "{D1210FBC-32EB-404B-83EE-BA18BF087619}"
EndProject
Project("{FAE04EC0-301F-11D3-BF4B-00C04F79EFBC}") = "Tyuiu.KultyshevaEA.Sprint6.Task2.V30.Lib", "Tyuiu.KultyshevaEA.Sprint6.Task2.V30.Lib\Tyuiu.KultyshevaEA.Sprint6.Task2.V30.Lib.csproj", "{9C6A9445-D5AA-4670-97B1-E52E74760B50}"
EndProject
Project("{FAE04EC0-301F-11D3-BF4B-00C04F79EFBC}") = "Tyuiu.KultyshevaEA.Sprint6.Task2.V30.Test", "Tyuiu.KultyshevaEA.Sprint6.Task2.V30.Test\Tyuiu.KultyshevaEA.Sprint6.Task2.V30.Test.csproj", "{EFA185FA-8F65-4E81-B5C1-7C75A1F9912D}"
EndProject
Project("{FAE04EC0-301F-11D3-BF4B-00C04F79EFBC}") = "Tyuiu.KultyshevaEA.Sprint6.Task2.V30", "Tyuiu.KultyshevaEA.Sprint6.Task2.V30\Tyuiu.KultyshevaEA.Sprint6.Task2.V30.csproj", "{E707A87C-4B2D-4879-B125-06228F108FD0}"
EndProject
Project("{2150E333-8FDC-42A3-9474-1A3956D46DE8}") = "Task3", "Task3", "{78820D88-3B97-4247-A18B-AEB5EBE1C1D2}"
EndProject
Project("{FAE04EC0-301F-11D3-BF4B-00C04F79EFBC}") = "Tyuiu.KultyshevaEA.Sprint6.Task3.V12.Lib", "Tyuiu.KultyshevaEA.Sprint6.Task3.V12.Lib\Tyuiu.KultyshevaEA.Sprint6.Task3.V12.Lib.csproj", "{C527092B-033A-4C8B-B392-BF362252D26D}"
EndProject
Project("{FAE04EC0-301F-11D3-BF4B-00C04F79EFBC}") = "Tyuiu.KultyshevaEA.Sprint6.Task3.V12.Test", "Tyuiu.KultyshevaEA.Sprint6.Task3.V12.Test\Tyuiu.KultyshevaEA.Sprint6.Task3.V12.Test.csproj", "{F81332D6-43F7-4C10-A779-553C6FBA583A}"
EndProject
Project("{FAE04EC0-301F-11D3-BF4B-00C04F79EFBC}") = "Tyuiu.KultyshevaEA.Sprint6.Task3.V12", "Tyuiu.KultyshevaEA.Sprint6.Task3.V12\Tyuiu.KultyshevaEA.Sprint6.Task3.V12.csproj", "{0C6EEE4C-1752-42FF-A4D9-684F104AE70C}"
EndProject
Project("{2150E333-8FDC-42A3-9474-1A3956D46DE8}") = "Task4", "Task4", "{91A10912-324B-467C-B9DC-612083DAFB6B}"
EndProject
Project("{FAE04EC0-301F-11D3-BF4B-00C04F79EFBC}") = "Tyuiu.KultyshevaEA.Sprint6.Task4.V7.Lib", "Tyuiu.KultyshevaEA.Sprint6.Task4.V7.Lib\Tyuiu.KultyshevaEA.Sprint6.Task4.V7.Lib.csproj", "{A5E93117-1FEB-42BB-BA51-29E328602FC9}"
EndProject
Project("{FAE04EC0-301F-11D3-BF4B-00C04F79EFBC}") = "Tyuiu.KultyshevaEA.Sprint6.Task4.V7.Test", "Tyuiu.KultyshevaEA.Sprint6.Task4.V7.Test\Tyuiu.KultyshevaEA.Sprint6.Task4.V7.Test.csproj", "{3B418680-F096-477F-98A9-9D8882245655}"
EndProject
Project("{FAE04EC0-301F-11D3-BF4B-00C04F79EFBC}") = "Tyuiu.KultyshevaEA.Sprint6.Task4.V7", "Tyuiu.KultyshevaEA.Sprint6.Task4.V7\Tyuiu.KultyshevaEA.Sprint6.Task4.V7.csproj", "{6986ACA3-4250-4256-BBDD-AE5F8FA1C709}"
EndProject
Project("{2150E333-8FDC-42A3-9474-1A3956D46DE8}") = "Task5", "Task5", "{FE893C77-D321-4903-AEFC-17C11B575327}"
EndProject
Project("{FAE04EC0-301F-11D3-BF4B-00C04F79EFBC}") = "Tyuiu.KultyshevaEA.Sprint6.Task5.V11.Lib", "Tyuiu.KultyshevaEA.Sprint6.Task5.V11.Lib\Tyuiu.KultyshevaEA.Sprint6.Task5.V11.Lib.csproj", "{C32F5418-8D33-4819-89AE-9186098FAEA3}"
EndProject
Project("{FAE04EC0-301F-11D3-BF4B-00C04F79EFBC}") = "Tyuiu.KultyshevaEA.Sprint6.Task5.V11.Test", "Tyuiu.KultyshevaEA.Sprint6.Task5.V11.Test\Tyuiu.KultyshevaEA.Sprint6.Task5.V11.Test.csproj", "{F4DF122B-7570-4AF5-972A-75D7283DB9BE}"
EndProject
Project("{FAE04EC0-301F-11D3-BF4B-00C04F79EFBC}") = "Tyuiu.KultyshevaEA.Sprint6.Task5.V11", "Tyuiu.KultyshevaEA.Sprint6.Task5.V11\Tyuiu.KultyshevaEA.Sprint6.Task5.V11.csproj", "{41D87D0C-ACFE-42E9-A317-9C3022F33457}"
EndProject
Global
	GlobalSection(SolutionConfigurationPlatforms) = preSolution
		Debug|Any CPU = Debug|Any CPU
		Release|Any CPU = Release|Any CPU
	EndGlobalSection
	GlobalSection(ProjectConfigurationPlatforms) = postSolution
		{AD7F879A-797F-407B-8A5A-4DF64812F95D}.Debug|Any CPU.ActiveCfg = Debug|Any CPU
		{AD7F879A-797F-407B-8A5A-4DF64812F95D}.Debug|Any CPU.Build.0 = Debug|Any CPU
		{AD7F879A-797F-407B-8A5A-4DF64812F95D}.Release|Any CPU.ActiveCfg = Release|Any CPU
		{AD7F879A-797F-407B-8A5A-4DF64812F95D}.Release|Any CPU.Build.0 = Release|Any CPU
		{AF80AC37-C218-46F1-8DEC-F5C0A51487C7}.Debug|Any CPU.ActiveCfg = Debug|Any CPU
		{AF80AC37-C218-46F1-8DEC-F5C0A51487C7}.Debug|Any CPU.Build.0 = Debug|Any CPU
		{AF80AC37-C218-46F1-8DEC-F5C0A51487C7}.Release|Any CPU.ActiveCfg = Release|Any CPU
		{AF80AC37-C218-46F1-8DEC-F5C0A51487C7}.Release|Any CPU.Build.0 = Release|Any CPU
		{160D8D76-5D73-46AA-8509-1F1CF47F1B24}.Debug|Any CPU.ActiveCfg = Debug|Any CPU
		{160D8D76-5D73-46AA-8509-1F1CF47F1B24}.Debug|Any CPU.Build.0 = Debug|Any CPU
		{160D8D76-5D73-46AA-8509-1F1CF47F1B24}.Release|Any CPU.ActiveCfg = Release|Any CPU
		{160D8D76-5D73-46AA-8509-1F1CF47F1B24}.Release|Any CPU.Build.0 = Release|Any CPU
		{C480208C-D750-413D-85E5-617C23B15973}.Debug|Any CPU.ActiveCfg = Debug|Any CPU
		{C480208C-D750-413D-85E5-617C23B15973}.Debug|Any CPU.Build.0 = Debug|Any CPU
		{C480208C-D750-413D-85E5-617C23B15973}.Release|Any CPU.ActiveCfg = Release|Any CPU
		{C480208C-D750-413D-85E5-617C23B15973}.Release|Any CPU.Build.0 = Release|Any CPU
		{FB8AA894-3AD1-4C14-8F58-4368ACB15C7F}.Debug|Any CPU.ActiveCfg = Debug|Any CPU
		{FB8AA894-3AD1-4C14-8F58-4368ACB15C7F}.Debug|Any CPU.Build.0 = Debug|Any CPU
		{FB8AA894-3AD1-4C14-8F58-4368ACB15C7F}.Release|Any CPU.ActiveCfg = Release|Any CPU
		{FB8AA894-3AD1-4C14-8F58-4368ACB15C7F}.Release|Any CPU.Build.0 = Release|Any CPU
		{78EF1DE3-D610-4577-BE1F-BD34C4301D69}.Debug|Any CPU.ActiveCfg = Debug|Any CPU
		{78EF1DE3-D610-4577-BE1F-BD34C4301D69}.Debug|Any CPU.Build.0 = Debug|Any CPU
		{78EF1DE3-D610-4577-BE1F-BD34C4301D69}.Release|Any CPU.ActiveCfg = Release|Any CPU
		{78EF1DE3-D610-4577-BE1F-BD34C4301D69}.Release|Any CPU.Build.0 = Release|Any CPU
		{9C6A9445-D5AA-4670-97B1-E52E74760B50}.Debug|Any CPU.ActiveCfg = Debug|Any CPU
		{9C6A9445-D5AA-4670-97B1-E52E74760B50}.Debug|Any CPU.Build.0 = Debug|Any CPU
		{9C6A9445-D5AA-4670-97B1-E52E74760B50}.Release|Any CPU.ActiveCfg = Release|Any CPU
		{9C6A9445-D5AA-4670-97B1-E52E74760B50}.Release|Any CPU.Build.0 = Release|Any CPU
		{EFA185FA-8F65-4E81-B5C1-7C75A1F9912D}.Debug|Any CPU.ActiveCfg = Debug|Any CPU
		{EFA185FA-8F65-4E81-B5C1-7C75A1F9912D}.Debug|Any CPU.Build.0 = Debug|Any CPU
		{EFA185FA-8F65-4E81-B5C1-7C75A1F9912D}.Release|Any CPU.ActiveCfg = Release|Any CPU
		{EFA185FA-8F65-4E81-B5C1-7C75A1F9912D}.Release|Any CPU.Build.0 = Release|Any CPU
		{E707A87C-4B2D-4879-B125-06228F108FD0}.Debug|Any CPU.ActiveCfg = Debug|Any CPU
		{E707A87C-4B2D-4879-B125-06228F108FD0}.Debug|Any CPU.Build.0 = Debug|Any CPU
		{E707A87C-4B2D-4879-B125-06228F108FD0}.Release|Any CPU.ActiveCfg = Release|Any CPU
		{E707A87C-4B2D-4879-B125-06228F108FD0}.Release|Any CPU.Build.0 = Release|Any CPU
		{C527092B-033A-4C8B-B392-BF362252D26D}.Debug|Any CPU.ActiveCfg = Debug|Any CPU
		{C527092B-033A-4C8B-B392-BF362252D26D}.Debug|Any CPU.Build.0 = Debug|Any CPU
		{C527092B-033A-4C8B-B392-BF362252D26D}.Release|Any CPU.ActiveCfg = Release|Any CPU
		{C527092B-033A-4C8B-B392-BF362252D26D}.Release|Any CPU.Build.0 = Release|Any CPU
		{F81332D6-43F7-4C10-A779-553C6FBA583A}.Debug|Any CPU.ActiveCfg = Debug|Any CPU
		{F81332D6-43F7-4C10-A779-553C6FBA583A}.Debug|Any CPU.Build.0 = Debug|Any CPU
		{F81332D6-43F7-4C10-A779-553C6FBA583A}.Release|Any CPU.ActiveCfg = Release|Any CPU
		{F81332D6-43F7-4C10-A779-553C6FBA583A}.Release|Any CPU.Build.0 = Release|Any CPU
		{0C6EEE4C-1752-42FF-A4D9-684F104AE70C}.Debug|Any CPU.ActiveCfg = Debug|Any CPU
		{0C6EEE4C-1752-42FF-A4D9-684F104AE70C}.Debug|Any CPU.Build.0 = Debug|Any CPU
		{0C6EEE4C-1752-42FF-A4D9-684F104AE70C}.Release|Any CPU.ActiveCfg = Release|Any CPU
		{0C6EEE4C-1752-42FF-A4D9-684F104AE70C}.Release|Any CPU.Build.0 = Release|Any CPU
		{A5E93117-1FEB-42BB-BA51-29E328602FC9}.Debug|Any CPU.ActiveCfg = Debug|Any CPU
		{A5E93117-1FEB-42BB-BA51-29E328602FC9}.Debug|Any CPU.Build.0 = Debug|Any CPU
		{A5E93117-1FEB-42BB-BA51-29E328602FC9}.Release|Any CPU.ActiveCfg = Release|Any CPU
		{A5E93117-1FEB-42BB-BA51-29E328602FC9}.Release|Any CPU.Build.0 = Release|Any CPU
		{3B418680-F096-477F-98A9-9D8882245655}.Debug|Any CPU.ActiveCfg = Debug|Any CPU
		{3B418680-F096-477F-98A9-9D8882245655}.Debug|Any CPU.Build.0 = Debug|Any CPU
		{3B418680-F096-477F-98A9-9D8882245655}.Release|Any CPU.ActiveCfg = Release|Any CPU
		{3B418680-F096-477F-98A9-9D8882245655}.Release|Any CPU.Build.0 = Release|Any CPU
		{6986ACA3-4250-4256-BBDD-AE5F8FA1C709}.Debug|Any CPU.ActiveCfg = Debug|Any CPU
		{6986ACA3-4250-4256-BBDD-AE5F8FA1C709}.Debug|Any CPU.Build.0 = Debug|Any CPU
		{6986ACA3-4250-4256-BBDD-AE5F8FA1C709}.Release|Any CPU.ActiveCfg = Release|Any CPU
		{6986ACA3-4250-4256-BBDD-AE5F8FA1C709}.Release|Any CPU.Build.0 = Release|Any CPU
		{C32F5418-8D33-4819-89AE-9186098FAEA3}.Debug|Any CPU.ActiveCfg = Debug|Any CPU
		{C32F5418-8D33-4819-89AE-9186098FAEA3}.Debug|Any CPU.Build.0 = Debug|Any CPU
		{C32F5418-8D33-4819-89AE-9186098FAEA3}.Release|Any CPU.ActiveCfg = Release|Any CPU
		{C32F5418-8D33-4819-89AE-9186098FAEA3}.Release|Any CPU.Build.0 = Release|Any CPU
		{F4DF122B-7570-4AF5-972A-75D7283DB9BE}.Debug|Any CPU.ActiveCfg = Debug|Any CPU
		{F4DF122B-7570-4AF5-972A-75D7283DB9BE}.Debug|Any CPU.Build.0 = Debug|Any CPU
		{F4DF122B-7570-4AF5-972A-75D7283DB9BE}.Release|Any CPU.ActiveCfg = Release|Any CPU
		{F4DF122B-7570-4AF5-972A-75D7283DB9BE}.Release|Any CPU.Build.0 = Release|Any CPU
		{41D87D0C-ACFE-42E9-A317-9C3022F33457}.Debug|Any CPU.ActiveCfg = Debug|Any CPU
		{41D87D0C-ACFE-42E9-A317-9C3022F33457}.Debug|Any CPU.Build.0 = Debug|Any CPU
		{41D87D0C-ACFE-42E9-A317-9C3022F33457}.Release|Any CPU.ActiveCfg = Release|Any CPU
		{41D87D0C-ACFE-42E9-A317-9C3022F33457}.Release|Any CPU.Build.0 = Release|Any CPU
	EndGlobalSection
	GlobalSection(SolutionProperties) = preSolution
		HideSolutionNode = FALSE
	EndGlobalSection
	GlobalSection(NestedProjects) = preSolution
		{AD7F879A-797F-407B-8A5A-4DF64812F95D} = {9BD8E4AB-F967-416B-8294-935EDE2223CC}
		{AF80AC37-C218-46F1-8DEC-F5C0A51487C7} = {9BD8E4AB-F967-416B-8294-935EDE2223CC}
		{160D8D76-5D73-46AA-8509-1F1CF47F1B24} = {9BD8E4AB-F967-416B-8294-935EDE2223CC}
		{C480208C-D750-413D-85E5-617C23B15973} = {FBCF87F7-AE22-4EE8-8678-784F396E65A6}
		{FB8AA894-3AD1-4C14-8F58-4368ACB15C7F} = {FBCF87F7-AE22-4EE8-8678-784F396E65A6}
		{78EF1DE3-D610-4577-BE1F-BD34C4301D69} = {FBCF87F7-AE22-4EE8-8678-784F396E65A6}
		{9C6A9445-D5AA-4670-97B1-E52E74760B50} = {D1210FBC-32EB-404B-83EE-BA18BF087619}
		{EFA185FA-8F65-4E81-B5C1-7C75A1F9912D} = {D1210FBC-32EB-404B-83EE-BA18BF087619}
		{E707A87C-4B2D-4879-B125-06228F108FD0} = {D1210FBC-32EB-404B-83EE-BA18BF087619}
		{C527092B-033A-4C8B-B392-BF362252D26D} = {78820D88-3B97-4247-A18B-AEB5EBE1C1D2}
		{F81332D6-43F7-4C10-A779-553C6FBA583A} = {78820D88-3B97-4247-A18B-AEB5EBE1C1D2}
		{0C6EEE4C-1752-42FF-A4D9-684F104AE70C} = {78820D88-3B97-4247-A18B-AEB5EBE1C1D2}
		{A5E93117-1FEB-42BB-BA51-29E328602FC9} = {91A10912-324B-467C-B9DC-612083DAFB6B}
		{3B418680-F096-477F-98A9-9D8882245655} = {91A10912-324B-467C-B9DC-612083DAFB6B}
		{6986ACA3-4250-4256-BBDD-AE5F8FA1C709} = {91A10912-324B-467C-B9DC-612083DAFB6B}
		{C32F5418-8D33-4819-89AE-9186098FAEA3} = {FE893C77-D321-4903-AEFC-17C11B575327}
		{F4DF122B-7570-4AF5-972A-75D7283DB9BE} = {FE893C77-D321-4903-AEFC-17C11B575327}
		{41D87D0C-ACFE-42E9-A317-9C3022F33457} = {FE893C77-D321-4903-AEFC-17C11B575327}
	EndGlobalSection
	GlobalSection(ExtensibilityGlobals) = postSolution
		SolutionGuid = {8FDEC7DD-730E-4F75-BF28-F1156BCA4CDC}
	EndGlobalSection
EndGlobal
